
Microsoft Visual Studio Solution File, Format Version 12.00
# Visual Studio Version 17
VisualStudioVersion = 17.0.31903.59
MinimumVisualStudioVersion = 10.0.40219.1
Project("{FAE04EC0-301F-11D3-BF4B-00C04F79EFBC}") = "EterniaEmu.Network", "src\EterniaEmu.Network\EterniaEmu.Network.csproj", "{46689FC7-5AB4-40B5-83A3-CDA8279D6D02}"
EndProject
Project("{FAE04EC0-301F-11D3-BF4B-00C04F79EFBC}") = "EterniaEmu.Tests", "tests\EterniaEmu.Tests\EterniaEmu.Tests.csproj", "{456C9D96-B3EE-4E4A-A235-8E4B851C0EE3}"
EndProject
Project("{FAE04EC0-301F-11D3-BF4B-00C04F79EFBC}") = "EterniaEmu.Server", "src\EterniaEmu.Server\EterniaEmu.Server.csproj", "{EFCCF63D-F347-42D1-85F5-DDEC7D30A72E}"
EndProject
Project("{FAE04EC0-301F-11D3-BF4B-00C04F79EFBC}") = "EterniaEmu.Core", "src\EterniaEmu.Core\EterniaEmu.Core.csproj", "{E974AB74-9D07-47A5-B201-F88DE5B58DE5}"
EndProject
Project("{FAE04EC0-301F-11D3-BF4B-00C04F79EFBC}") = "EterniaEmu.Performance", "tests\EterniaEmu.Performance\EterniaEmu.Performance.csproj", "{47FA70ED-260C-4B86-B9FB-8C90F75DB411}"
EndProject
Project("{FAE04EC0-301F-11D3-BF4B-00C04F79EFBC}") = "EterniaEmu.ScriptEngine", "src\EterniaEmu.ScriptEngine\EterniaEmu.ScriptEngine.csproj", "{807BA967-E50C-45BA-AF47-7EDAF71CAC38}"
EndProject
Global
	GlobalSection(SolutionConfigurationPlatforms) = preSolution
		Debug|Any CPU = Debug|Any CPU
		Release|Any CPU = Release|Any CPU
	EndGlobalSection
	GlobalSection(SolutionProperties) = preSolution
		HideSolutionNode = FALSE
	EndGlobalSection
	GlobalSection(ProjectConfigurationPlatforms) = postSolution
		{46689FC7-5AB4-40B5-83A3-CDA8279D6D02}.Debug|Any CPU.ActiveCfg = Debug|Any CPU
		{46689FC7-5AB4-40B5-83A3-CDA8279D6D02}.Debug|Any CPU.Build.0 = Debug|Any CPU
		{46689FC7-5AB4-40B5-83A3-CDA8279D6D02}.Release|Any CPU.ActiveCfg = Release|Any CPU
		{46689FC7-5AB4-40B5-83A3-CDA8279D6D02}.Release|Any CPU.Build.0 = Release|Any CPU
		{456C9D96-B3EE-4E4A-A235-8E4B851C0EE3}.Debug|Any CPU.ActiveCfg = Debug|Any CPU
		{456C9D96-B3EE-4E4A-A235-8E4B851C0EE3}.Debug|Any CPU.Build.0 = Debug|Any CPU
		{456C9D96-B3EE-4E4A-A235-8E4B851C0EE3}.Release|Any CPU.ActiveCfg = Release|Any CPU
		{456C9D96-B3EE-4E4A-A235-8E4B851C0EE3}.Release|Any CPU.Build.0 = Release|Any CPU
		{EFCCF63D-F347-42D1-85F5-DDEC7D30A72E}.Debug|Any CPU.ActiveCfg = Debug|Any CPU
		{EFCCF63D-F347-42D1-85F5-DDEC7D30A72E}.Debug|Any CPU.Build.0 = Debug|Any CPU
		{EFCCF63D-F347-42D1-85F5-DDEC7D30A72E}.Release|Any CPU.ActiveCfg = Release|Any CPU
		{EFCCF63D-F347-42D1-85F5-DDEC7D30A72E}.Release|Any CPU.Build.0 = Release|Any CPU
		{E974AB74-9D07-47A5-B201-F88DE5B58DE5}.Debug|Any CPU.ActiveCfg = Debug|Any CPU
		{E974AB74-9D07-47A5-B201-F88DE5B58DE5}.Debug|Any CPU.Build.0 = Debug|Any CPU
		{E974AB74-9D07-47A5-B201-F88DE5B58DE5}.Release|Any CPU.ActiveCfg = Release|Any CPU
		{E974AB74-9D07-47A5-B201-F88DE5B58DE5}.Release|Any CPU.Build.0 = Release|Any CPU
		{47FA70ED-260C-4B86-B9FB-8C90F75DB411}.Debug|Any CPU.ActiveCfg = Debug|Any CPU
		{47FA70ED-260C-4B86-B9FB-8C90F75DB411}.Debug|Any CPU.Build.0 = Debug|Any CPU
		{47FA70ED-260C-4B86-B9FB-8C90F75DB411}.Release|Any CPU.ActiveCfg = Release|Any CPU
		{47FA70ED-260C-4B86-B9FB-8C90F75DB411}.Release|Any CPU.Build.0 = Release|Any CPU
		{807BA967-E50C-45BA-AF47-7EDAF71CAC38}.Debug|Any CPU.ActiveCfg = Debug|Any CPU
		{807BA967-E50C-45BA-AF47-7EDAF71CAC38}.Debug|Any CPU.Build.0 = Debug|Any CPU
		{807BA967-E50C-45BA-AF47-7EDAF71CAC38}.Release|Any CPU.ActiveCfg = Release|Any CPU
		{807BA967-E50C-45BA-AF47-7EDAF71CAC38}.Release|Any CPU.Build.0 = Release|Any CPU
	EndGlobalSection
EndGlobal
